
Microsoft Visual Studio Solution File, Format Version 12.00
# Visual Studio Version 17
VisualStudioVersion = 17.14.36429.23 d17.14
MinimumVisualStudioVersion = 10.0.40219.1
Project("{FAE04EC0-301F-11D3-BF4B-00C04F79EFBC}") = "Hellow, Miaw!", "Hellow, Miaw!.csproj", "{3A2FD0F9-FB63-40B4-A9BF-9EAA6D69E207}"
EndProject
Global
	GlobalSection(SolutionConfigurationPlatforms) = preSolution
		Debug|Any CPU = Debug|Any CPU
		Release|Any CPU = Release|Any CPU
	EndGlobalSection
	GlobalSection(ProjectConfigurationPlatforms) = postSolution
		{3A2FD0F9-FB63-40B4-A9BF-9EAA6D69E207}.Debug|Any CPU.ActiveCfg = Debug|Any CPU
		{3A2FD0F9-FB63-40B4-A9BF-9EAA6D69E207}.Debug|Any CPU.Build.0 = Debug|Any CPU
		{3A2FD0F9-FB63-40B4-A9BF-9EAA6D69E207}.Release|Any CPU.ActiveCfg = Release|Any CPU
		{3A2FD0F9-FB63-40B4-A9BF-9EAA6D69E207}.Release|Any CPU.Build.0 = Release|Any CPU
	EndGlobalSection
	GlobalSection(SolutionProperties) = preSolution
		HideSolutionNode = FALSE
	EndGlobalSection
	GlobalSection(ExtensibilityGlobals) = postSolution
		SolutionGuid = {E62EB122-4ACA-4D04-9E76-52FCEF2A8DBB}
	EndGlobalSection
EndGlobal
